// !$*UTF8*$!
{
	archiveVersion = 1;
	classes = {
	};
	objectVersion = 51;
	objects = {

/* Begin PBXBuildFile section */
		058557BB273AAA24004C7B11 /* Assets.xcassets in Resources */ = {isa = PBXBuildFile; fileRef = 058557BA273AAA24004C7B11 /* Assets.xcassets */; };
		058557D9273AAEEB004C7B11 /* Preview Assets.xcassets in Resources */ = {isa = PBXBuildFile; fileRef = 058557D8273AAEEB004C7B11 /* Preview Assets.xcassets */; };
		2152FB042600AC8F00CF470E /* iOSApp.swift in Sources */ = {isa = PBXBuildFile; fileRef = 2152FB032600AC8F00CF470E /* iOSApp.swift */; };
		7555FF83242A565900829871 /* ContentView.swift in Sources */ = {isa = PBXBuildFile; fileRef = 7555FF82242A565900829871 /* ContentView.swift */; };
		763AC36BC1C0106B9B1D08FA /* Pods_iosApp.framework in Frameworks */ = {isa = PBXBuildFile; fileRef = D72B35BF10ED4D176A203003 /* Pods_iosApp.framework */; };
		9075A468283589C1008FCC02 /* FixedIncomeAssetFormViewModel.swift in Sources */ = {isa = PBXBuildFile; fileRef = 9075A467283589C1008FCC02 /* FixedIncomeAssetFormViewModel.swift */; };
		9075A46A28358B08008FCC02 /* ShareAssetFormViewModel.swift in Sources */ = {isa = PBXBuildFile; fileRef = 9075A46928358B08008FCC02 /* ShareAssetFormViewModel.swift */; };
		90B1AF35282C5469008E88E1 /* AssetFormViewModel.swift in Sources */ = {isa = PBXBuildFile; fileRef = 90B1AF34282C5469008E88E1 /* AssetFormViewModel.swift */; };
		CB391BAF281E91DE00A8C509 /* BaseDetailsView.swift in Sources */ = {isa = PBXBuildFile; fileRef = CB391BAE281E91DE00A8C509 /* BaseDetailsView.swift */; };
		CB391BB1281E951C00A8C509 /* MWDetailText.swift in Sources */ = {isa = PBXBuildFile; fileRef = CB391BB0281E951C00A8C509 /* MWDetailText.swift */; };
		CB391BB3281E9AF300A8C509 /* BaseDetailsViewModel.swift in Sources */ = {isa = PBXBuildFile; fileRef = CB391BB2281E9AF300A8C509 /* BaseDetailsViewModel.swift */; };
		CB391BB9281EA0A200A8C509 /* TransactionListItemView.swift in Sources */ = {isa = PBXBuildFile; fileRef = CB391BB8281EA0A200A8C509 /* TransactionListItemView.swift */; };
		CB402EAB27FF7CBA00308FC0 /* MWButton.swift in Sources */ = {isa = PBXBuildFile; fileRef = CB402EAA27FF7CBA00308FC0 /* MWButton.swift */; };
		CB560CCF2811F36500BA6DC1 /* ShareViewModel.swift in Sources */ = {isa = PBXBuildFile; fileRef = CB560CCE2811F36500BA6DC1 /* ShareViewModel.swift */; };
		CB76C6CA27E91D5C003455DC /* HomeViewModel.swift in Sources */ = {isa = PBXBuildFile; fileRef = CB76C6C927E91D5C003455DC /* HomeViewModel.swift */; };
		CB76C6CC27E9223E003455DC /* HomeView.swift in Sources */ = {isa = PBXBuildFile; fileRef = CB76C6CB27E9223E003455DC /* HomeView.swift */; };
		CBB5AF0E281EB931001D0FF3 /* TransactionFormView.swift in Sources */ = {isa = PBXBuildFile; fileRef = CBB5AF0D281EB931001D0FF3 /* TransactionFormView.swift */; };
		CBB5AF10281EE409001D0FF3 /* MWTextField.swift in Sources */ = {isa = PBXBuildFile; fileRef = CBB5AF0F281EE409001D0FF3 /* MWTextField.swift */; };
		CBB5AF12281EFF4B001D0FF3 /* TransactionFormViewModel.swift in Sources */ = {isa = PBXBuildFile; fileRef = CBB5AF11281EFF4B001D0FF3 /* TransactionFormViewModel.swift */; };
		CBB5AF14281F1D60001D0FF3 /* BindingExtention.swift in Sources */ = {isa = PBXBuildFile; fileRef = CBB5AF13281F1D60001D0FF3 /* BindingExtention.swift */; };
		CBB5AF19281FE90C001D0FF3 /* DateExtension.swift in Sources */ = {isa = PBXBuildFile; fileRef = CBB5AF18281FE90C001D0FF3 /* DateExtension.swift */; };
		CBB5AF1B281FE9A0001D0FF3 /* StringExtensions.swift in Sources */ = {isa = PBXBuildFile; fileRef = CBB5AF1A281FE9A0001D0FF3 /* StringExtensions.swift */; };
		CBB5AF1D2820791B001D0FF3 /* AssetForm.swift in Sources */ = {isa = PBXBuildFile; fileRef = CBB5AF1C2820791B001D0FF3 /* AssetForm.swift */; };
		CBC6DA1728020739003F6B44 /* MWLoading.swift in Sources */ = {isa = PBXBuildFile; fileRef = CBC6DA1628020739003F6B44 /* MWLoading.swift */; };
		CBE84E78281D4E1300BE0AE1 /* FixedIncomeList.swift in Sources */ = {isa = PBXBuildFile; fileRef = CBE84E77281D4E1300BE0AE1 /* FixedIncomeList.swift */; };
		CBF4164C2805FAD0008B97C2 /* BaseListView.swift in Sources */ = {isa = PBXBuildFile; fileRef = CBF4164B2805FAD0008B97C2 /* BaseListView.swift */; };
		CBF4164E28060DD3008B97C2 /* BaseListViewModel.swift in Sources */ = {isa = PBXBuildFile; fileRef = CBF4164D28060DD3008B97C2 /* BaseListViewModel.swift */; };
		CBF4165028060E2F008B97C2 /* BaseListItem.swift in Sources */ = {isa = PBXBuildFile; fileRef = CBF4164F28060E2F008B97C2 /* BaseListItem.swift */; };
		CBFCEC9C2814017D003BD24D /* Double.swift in Sources */ = {isa = PBXBuildFile; fileRef = CBFCEC9B2814017D003BD24D /* Double.swift */; };
/* End PBXBuildFile section */

/* Begin PBXFileReference section */
		058557BA273AAA24004C7B11 /* Assets.xcassets */ = {isa = PBXFileReference; lastKnownFileType = folder.assetcatalog; path = Assets.xcassets; sourceTree = "<group>"; };
		058557D8273AAEEB004C7B11 /* Preview Assets.xcassets */ = {isa = PBXFileReference; lastKnownFileType = folder.assetcatalog; path = "Preview Assets.xcassets"; sourceTree = "<group>"; };
		2152FB032600AC8F00CF470E /* iOSApp.swift */ = {isa = PBXFileReference; lastKnownFileType = sourcecode.swift; path = iOSApp.swift; sourceTree = "<group>"; };
		4ED5DEDD85132A1AABFC3E5A /* Pods-iosApp.release.xcconfig */ = {isa = PBXFileReference; includeInIndex = 1; lastKnownFileType = text.xcconfig; name = "Pods-iosApp.release.xcconfig"; path = "Target Support Files/Pods-iosApp/Pods-iosApp.release.xcconfig"; sourceTree = "<group>"; };
		7555FF7B242A565900829871 /* iosApp.app */ = {isa = PBXFileReference; explicitFileType = wrapper.application; includeInIndex = 0; path = iosApp.app; sourceTree = BUILT_PRODUCTS_DIR; };
		7555FF82242A565900829871 /* ContentView.swift */ = {isa = PBXFileReference; lastKnownFileType = sourcecode.swift; path = ContentView.swift; sourceTree = "<group>"; };
		7555FF8C242A565B00829871 /* Info.plist */ = {isa = PBXFileReference; lastKnownFileType = text.plist.xml; path = Info.plist; sourceTree = "<group>"; };
		9075A467283589C1008FCC02 /* FixedIncomeAssetFormViewModel.swift */ = {isa = PBXFileReference; lastKnownFileType = sourcecode.swift; path = FixedIncomeAssetFormViewModel.swift; sourceTree = "<group>"; };
		9075A46928358B08008FCC02 /* ShareAssetFormViewModel.swift */ = {isa = PBXFileReference; lastKnownFileType = sourcecode.swift; path = ShareAssetFormViewModel.swift; sourceTree = "<group>"; };
		90B1AF34282C5469008E88E1 /* AssetFormViewModel.swift */ = {isa = PBXFileReference; lastKnownFileType = sourcecode.swift; path = AssetFormViewModel.swift; sourceTree = "<group>"; };
		A2BA4AC97F82982A4389A6D7 /* Pods-iosApp.debug.xcconfig */ = {isa = PBXFileReference; includeInIndex = 1; lastKnownFileType = text.xcconfig; name = "Pods-iosApp.debug.xcconfig"; path = "Target Support Files/Pods-iosApp/Pods-iosApp.debug.xcconfig"; sourceTree = "<group>"; };
		CB391BAE281E91DE00A8C509 /* BaseDetailsView.swift */ = {isa = PBXFileReference; lastKnownFileType = sourcecode.swift; path = BaseDetailsView.swift; sourceTree = "<group>"; };
		CB391BB0281E951C00A8C509 /* MWDetailText.swift */ = {isa = PBXFileReference; lastKnownFileType = sourcecode.swift; path = MWDetailText.swift; sourceTree = "<group>"; };
		CB391BB2281E9AF300A8C509 /* BaseDetailsViewModel.swift */ = {isa = PBXFileReference; lastKnownFileType = sourcecode.swift; path = BaseDetailsViewModel.swift; sourceTree = "<group>"; };
		CB391BB8281EA0A200A8C509 /* TransactionListItemView.swift */ = {isa = PBXFileReference; lastKnownFileType = sourcecode.swift; path = TransactionListItemView.swift; sourceTree = "<group>"; };
		CB402EAA27FF7CBA00308FC0 /* MWButton.swift */ = {isa = PBXFileReference; lastKnownFileType = sourcecode.swift; path = MWButton.swift; sourceTree = "<group>"; };
		CB560CCE2811F36500BA6DC1 /* ShareViewModel.swift */ = {isa = PBXFileReference; lastKnownFileType = sourcecode.swift; path = ShareViewModel.swift; sourceTree = "<group>"; };
		CB76C6C927E91D5C003455DC /* HomeViewModel.swift */ = {isa = PBXFileReference; lastKnownFileType = sourcecode.swift; path = HomeViewModel.swift; sourceTree = "<group>"; };
		CB76C6CB27E9223E003455DC /* HomeView.swift */ = {isa = PBXFileReference; lastKnownFileType = sourcecode.swift; path = HomeView.swift; sourceTree = "<group>"; };
		CBB5AF0D281EB931001D0FF3 /* TransactionFormView.swift */ = {isa = PBXFileReference; lastKnownFileType = sourcecode.swift; path = TransactionFormView.swift; sourceTree = "<group>"; };
		CBB5AF0F281EE409001D0FF3 /* MWTextField.swift */ = {isa = PBXFileReference; lastKnownFileType = sourcecode.swift; path = MWTextField.swift; sourceTree = "<group>"; };
		CBB5AF11281EFF4B001D0FF3 /* TransactionFormViewModel.swift */ = {isa = PBXFileReference; lastKnownFileType = sourcecode.swift; path = TransactionFormViewModel.swift; sourceTree = "<group>"; };
		CBB5AF13281F1D60001D0FF3 /* BindingExtention.swift */ = {isa = PBXFileReference; lastKnownFileType = sourcecode.swift; path = BindingExtention.swift; sourceTree = "<group>"; };
		CBB5AF18281FE90C001D0FF3 /* DateExtension.swift */ = {isa = PBXFileReference; lastKnownFileType = sourcecode.swift; path = DateExtension.swift; sourceTree = "<group>"; };
		CBB5AF1A281FE9A0001D0FF3 /* StringExtensions.swift */ = {isa = PBXFileReference; lastKnownFileType = sourcecode.swift; path = StringExtensions.swift; sourceTree = "<group>"; };
		CBB5AF1C2820791B001D0FF3 /* AssetForm.swift */ = {isa = PBXFileReference; lastKnownFileType = sourcecode.swift; path = AssetForm.swift; sourceTree = "<group>"; };
		CBC6DA1628020739003F6B44 /* MWLoading.swift */ = {isa = PBXFileReference; lastKnownFileType = sourcecode.swift; path = MWLoading.swift; sourceTree = "<group>"; };
		CBE84E77281D4E1300BE0AE1 /* FixedIncomeList.swift */ = {isa = PBXFileReference; lastKnownFileType = sourcecode.swift; path = FixedIncomeList.swift; sourceTree = "<group>"; };
		CBF4164B2805FAD0008B97C2 /* BaseListView.swift */ = {isa = PBXFileReference; lastKnownFileType = sourcecode.swift; path = BaseListView.swift; sourceTree = "<group>"; };
		CBF4164D28060DD3008B97C2 /* BaseListViewModel.swift */ = {isa = PBXFileReference; lastKnownFileType = sourcecode.swift; path = BaseListViewModel.swift; sourceTree = "<group>"; };
		CBF4164F28060E2F008B97C2 /* BaseListItem.swift */ = {isa = PBXFileReference; lastKnownFileType = sourcecode.swift; path = BaseListItem.swift; sourceTree = "<group>"; };
		CBFCEC9B2814017D003BD24D /* Double.swift */ = {isa = PBXFileReference; lastKnownFileType = sourcecode.swift; path = Double.swift; sourceTree = "<group>"; };
		D72B35BF10ED4D176A203003 /* Pods_iosApp.framework */ = {isa = PBXFileReference; explicitFileType = wrapper.framework; includeInIndex = 0; path = Pods_iosApp.framework; sourceTree = BUILT_PRODUCTS_DIR; };
/* End PBXFileReference section */

/* Begin PBXFrameworksBuildPhase section */
		A8107C96B3D6E5D2DAF090D0 /* Frameworks */ = {
			isa = PBXFrameworksBuildPhase;
			buildActionMask = 2147483647;
			files = (
				763AC36BC1C0106B9B1D08FA /* Pods_iosApp.framework in Frameworks */,
			);
			runOnlyForDeploymentPostprocessing = 0;
		};
/* End PBXFrameworksBuildPhase section */

/* Begin PBXGroup section */
		058557D7273AAEEB004C7B11 /* Preview Content */ = {
			isa = PBXGroup;
			children = (
				058557D8273AAEEB004C7B11 /* Preview Assets.xcassets */,
			);
			path = "Preview Content";
			sourceTree = "<group>";
		};
		7555FF72242A565900829871 = {
			isa = PBXGroup;
			children = (
				7555FF7D242A565900829871 /* iosApp */,
				7555FF7C242A565900829871 /* Products */,
				95C999B7EF5D01B949528DAD /* Pods */,
				85A0BF8C97BED3181207436C /* Frameworks */,
			);
			sourceTree = "<group>";
		};
		7555FF7C242A565900829871 /* Products */ = {
			isa = PBXGroup;
			children = (
				7555FF7B242A565900829871 /* iosApp.app */,
			);
			name = Products;
			sourceTree = "<group>";
		};
		7555FF7D242A565900829871 /* iosApp */ = {
			isa = PBXGroup;
			children = (
				CBFCEC9A28140169003BD24D /* extensions */,
				CB402EA927FF7C9000308FC0 /* ui */,
				CBD32EDA28158A1D00EAE880 /* routers */,
				CB76C6C727E91D3F003455DC /* features */,
				058557BA273AAA24004C7B11 /* Assets.xcassets */,
				7555FF82242A565900829871 /* ContentView.swift */,
				7555FF8C242A565B00829871 /* Info.plist */,
				2152FB032600AC8F00CF470E /* iOSApp.swift */,
				058557D7273AAEEB004C7B11 /* Preview Content */,
			);
			path = iosApp;
			sourceTree = "<group>";
		};
		85A0BF8C97BED3181207436C /* Frameworks */ = {
			isa = PBXGroup;
			children = (
				D72B35BF10ED4D176A203003 /* Pods_iosApp.framework */,
			);
			name = Frameworks;
			sourceTree = "<group>";
		};
		95C999B7EF5D01B949528DAD /* Pods */ = {
			isa = PBXGroup;
			children = (
				A2BA4AC97F82982A4389A6D7 /* Pods-iosApp.debug.xcconfig */,
				4ED5DEDD85132A1AABFC3E5A /* Pods-iosApp.release.xcconfig */,
			);
			path = Pods;
			sourceTree = "<group>";
		};
		CB391BB4281E9E4700A8C509 /* list */ = {
			isa = PBXGroup;
			children = (
				CBF4164B2805FAD0008B97C2 /* BaseListView.swift */,
				CBF4164D28060DD3008B97C2 /* BaseListViewModel.swift */,
				CBF4164F28060E2F008B97C2 /* BaseListItem.swift */,
				CB391BB8281EA0A200A8C509 /* TransactionListItemView.swift */,
			);
			path = list;
			sourceTree = "<group>";
		};
		CB391BB5281E9E5400A8C509 /* details */ = {
			isa = PBXGroup;
			children = (
				CB391BAE281E91DE00A8C509 /* BaseDetailsView.swift */,
				CB391BB2281E9AF300A8C509 /* BaseDetailsViewModel.swift */,
			);
			path = details;
			sourceTree = "<group>";
		};
		CB402EA927FF7C9000308FC0 /* ui */ = {
			isa = PBXGroup;
			children = (
				CB402EAA27FF7CBA00308FC0 /* MWButton.swift */,
				CBC6DA1628020739003F6B44 /* MWLoading.swift */,
				CB391BB0281E951C00A8C509 /* MWDetailText.swift */,
				CBB5AF0F281EE409001D0FF3 /* MWTextField.swift */,
			);
			path = ui;
			sourceTree = "<group>";
		};
		CB560CCD2811F31400BA6DC1 /* Share */ = {
			isa = PBXGroup;
			children = (
				CB560CCE2811F36500BA6DC1 /* ShareViewModel.swift */,
				9075A46928358B08008FCC02 /* ShareAssetFormViewModel.swift */,
			);
			path = Share;
			sourceTree = "<group>";
		};
		CB76C6C727E91D3F003455DC /* features */ = {
			isa = PBXGroup;
			children = (
				CBB5AF1E28207921001D0FF3 /* asset */,
				CBB5AF0C281EB918001D0FF3 /* Transaction */,
				CBE84E76281D4DF600BE0AE1 /* FixedIncome */,
				CBF4164A2805FABF008B97C2 /* base */,
				CB76C6C827E91D48003455DC /* home */,
				CB560CCD2811F31400BA6DC1 /* Share */,
			);
			path = features;
			sourceTree = "<group>";
		};
		CB76C6C827E91D48003455DC /* home */ = {
			isa = PBXGroup;
			children = (
				CB76C6C927E91D5C003455DC /* HomeViewModel.swift */,
				CB76C6CB27E9223E003455DC /* HomeView.swift */,
			);
			path = home;
			sourceTree = "<group>";
		};
		CBB5AF0C281EB918001D0FF3 /* Transaction */ = {
			isa = PBXGroup;
			children = (
				CBB5AF0D281EB931001D0FF3 /* TransactionFormView.swift */,
				CBB5AF11281EFF4B001D0FF3 /* TransactionFormViewModel.swift */,
			);
			path = Transaction;
			sourceTree = "<group>";
		};
		CBB5AF1E28207921001D0FF3 /* asset */ = {
			isa = PBXGroup;
			children = (
				CBB5AF1C2820791B001D0FF3 /* AssetForm.swift */,
				90B1AF34282C5469008E88E1 /* AssetFormViewModel.swift */,
			);
			path = asset;
			sourceTree = "<group>";
		};
		CBD32EDA28158A1D00EAE880 /* routers */ = {
			isa = PBXGroup;
			children = (
			);
			path = routers;
			sourceTree = "<group>";
		};
		CBE84E76281D4DF600BE0AE1 /* FixedIncome */ = {
			isa = PBXGroup;
			children = (
				CBE84E77281D4E1300BE0AE1 /* FixedIncomeList.swift */,
				9075A467283589C1008FCC02 /* FixedIncomeAssetFormViewModel.swift */,
			);
			path = FixedIncome;
			sourceTree = "<group>";
		};
		CBF4164A2805FABF008B97C2 /* base */ = {
			isa = PBXGroup;
			children = (
				CB391BB5281E9E5400A8C509 /* details */,
				CB391BB4281E9E4700A8C509 /* list */,
			);
			path = base;
			sourceTree = "<group>";
		};
		CBFCEC9A28140169003BD24D /* extensions */ = {
			isa = PBXGroup;
			children = (
				CBFCEC9B2814017D003BD24D /* Double.swift */,
				CBB5AF13281F1D60001D0FF3 /* BindingExtention.swift */,
				CBB5AF18281FE90C001D0FF3 /* DateExtension.swift */,
				CBB5AF1A281FE9A0001D0FF3 /* StringExtensions.swift */,
			);
			path = extensions;
			sourceTree = "<group>";
		};
/* End PBXGroup section */

/* Begin PBXNativeTarget section */
		7555FF7A242A565900829871 /* iosApp */ = {
			isa = PBXNativeTarget;
			buildConfigurationList = 7555FFA5242A565B00829871 /* Build configuration list for PBXNativeTarget "iosApp" */;
			buildPhases = (
				57A9CB6438351856A5A2D3A9 /* [CP] Check Pods Manifest.lock */,
				7555FF77242A565900829871 /* Sources */,
				7555FF79242A565900829871 /* Resources */,
				A8107C96B3D6E5D2DAF090D0 /* Frameworks */,
				7D07A4465ABA0AC8770A82AD /* [CP] Embed Pods Frameworks */,
			);
			buildRules = (
			);
			dependencies = (
			);
			name = iosApp;
			productName = iosApp;
			productReference = 7555FF7B242A565900829871 /* iosApp.app */;
			productType = "com.apple.product-type.application";
		};
/* End PBXNativeTarget section */

/* Begin PBXProject section */
		7555FF73242A565900829871 /* Project object */ = {
			isa = PBXProject;
			attributes = {
				LastSwiftUpdateCheck = 1130;
				LastUpgradeCheck = 1130;
				ORGANIZATIONNAME = orgName;
				TargetAttributes = {
					7555FF7A242A565900829871 = {
						CreatedOnToolsVersion = 11.3.1;
					};
				};
			};
			buildConfigurationList = 7555FF76242A565900829871 /* Build configuration list for PBXProject "iosApp" */;
			compatibilityVersion = "Xcode 9.3";
			developmentRegion = en;
			hasScannedForEncodings = 0;
			knownRegions = (
				en,
				Base,
			);
			mainGroup = 7555FF72242A565900829871;
			productRefGroup = 7555FF7C242A565900829871 /* Products */;
			projectDirPath = "";
			projectRoot = "";
			targets = (
				7555FF7A242A565900829871 /* iosApp */,
			);
		};
/* End PBXProject section */

/* Begin PBXResourcesBuildPhase section */
		7555FF79242A565900829871 /* Resources */ = {
			isa = PBXResourcesBuildPhase;
			buildActionMask = 2147483647;
			files = (
				058557D9273AAEEB004C7B11 /* Preview Assets.xcassets in Resources */,
				058557BB273AAA24004C7B11 /* Assets.xcassets in Resources */,
			);
			runOnlyForDeploymentPostprocessing = 0;
		};
/* End PBXResourcesBuildPhase section */

/* Begin PBXShellScriptBuildPhase section */
		57A9CB6438351856A5A2D3A9 /* [CP] Check Pods Manifest.lock */ = {
			isa = PBXShellScriptBuildPhase;
			buildActionMask = 2147483647;
			files = (
			);
			inputFileListPaths = (
			);
			inputPaths = (
				"${PODS_PODFILE_DIR_PATH}/Podfile.lock",
				"${PODS_ROOT}/Manifest.lock",
			);
			name = "[CP] Check Pods Manifest.lock";
			outputFileListPaths = (
			);
			outputPaths = (
				"$(DERIVED_FILE_DIR)/Pods-iosApp-checkManifestLockResult.txt",
			);
			runOnlyForDeploymentPostprocessing = 0;
			shellPath = /bin/sh;
			shellScript = "diff \"${PODS_PODFILE_DIR_PATH}/Podfile.lock\" \"${PODS_ROOT}/Manifest.lock\" > /dev/null\nif [ $? != 0 ] ; then\n    # print error to STDERR\n    echo \"error: The sandbox is not in sync with the Podfile.lock. Run 'pod install' or update your CocoaPods installation.\" >&2\n    exit 1\nfi\n# This output is used by Xcode 'outputs' to avoid re-running this script phase.\necho \"SUCCESS\" > \"${SCRIPT_OUTPUT_FILE_0}\"\n";
			showEnvVarsInLog = 0;
		};
		7D07A4465ABA0AC8770A82AD /* [CP] Embed Pods Frameworks */ = {
			isa = PBXShellScriptBuildPhase;
			buildActionMask = 2147483647;
			files = (
			);
			inputFileListPaths = (
				"${PODS_ROOT}/Target Support Files/Pods-iosApp/Pods-iosApp-frameworks-${CONFIGURATION}-input-files.xcfilelist",
			);
			name = "[CP] Embed Pods Frameworks";
			outputFileListPaths = (
				"${PODS_ROOT}/Target Support Files/Pods-iosApp/Pods-iosApp-frameworks-${CONFIGURATION}-output-files.xcfilelist",
			);
			runOnlyForDeploymentPostprocessing = 0;
			shellPath = /bin/sh;
			shellScript = "\"${PODS_ROOT}/Target Support Files/Pods-iosApp/Pods-iosApp-frameworks.sh\"\n";
			showEnvVarsInLog = 0;
		};
/* End PBXShellScriptBuildPhase section */

/* Begin PBXSourcesBuildPhase section */
		7555FF77242A565900829871 /* Sources */ = {
			isa = PBXSourcesBuildPhase;
			buildActionMask = 2147483647;
			files = (
				CBB5AF10281EE409001D0FF3 /* MWTextField.swift in Sources */,
				CBF4164C2805FAD0008B97C2 /* BaseListView.swift in Sources */,
				CB560CCF2811F36500BA6DC1 /* ShareViewModel.swift in Sources */,
				90B1AF35282C5469008E88E1 /* AssetFormViewModel.swift in Sources */,
				CBC6DA1728020739003F6B44 /* MWLoading.swift in Sources */,
				CB391BB3281E9AF300A8C509 /* BaseDetailsViewModel.swift in Sources */,
				CB391BB9281EA0A200A8C509 /* TransactionListItemView.swift in Sources */,
				9075A46A28358B08008FCC02 /* ShareAssetFormViewModel.swift in Sources */,
				2152FB042600AC8F00CF470E /* iOSApp.swift in Sources */,
				CB391BAF281E91DE00A8C509 /* BaseDetailsView.swift in Sources */,
				CBB5AF1D2820791B001D0FF3 /* AssetForm.swift in Sources */,
				CB76C6CC27E9223E003455DC /* HomeView.swift in Sources */,
				CB402EAB27FF7CBA00308FC0 /* MWButton.swift in Sources */,
				CBF4164E28060DD3008B97C2 /* BaseListViewModel.swift in Sources */,
				9075A468283589C1008FCC02 /* FixedIncomeAssetFormViewModel.swift in Sources */,
				CBB5AF1B281FE9A0001D0FF3 /* StringExtensions.swift in Sources */,
				CBE84E78281D4E1300BE0AE1 /* FixedIncomeList.swift in Sources */,
				CBB5AF0E281EB931001D0FF3 /* TransactionFormView.swift in Sources */,
				CB76C6CA27E91D5C003455DC /* HomeViewModel.swift in Sources */,
				CBB5AF14281F1D60001D0FF3 /* BindingExtention.swift in Sources */,
				CBB5AF12281EFF4B001D0FF3 /* TransactionFormViewModel.swift in Sources */,
				CBB5AF19281FE90C001D0FF3 /* DateExtension.swift in Sources */,
				CBF4165028060E2F008B97C2 /* BaseListItem.swift in Sources */,
				CBFCEC9C2814017D003BD24D /* Double.swift in Sources */,
				7555FF83242A565900829871 /* ContentView.swift in Sources */,
				CB391BB1281E951C00A8C509 /* MWDetailText.swift in Sources */,
			);
			runOnlyForDeploymentPostprocessing = 0;
		};
/* End PBXSourcesBuildPhase section */

/* Begin XCBuildConfiguration section */
		7555FFA3242A565B00829871 /* Debug */ = {
			isa = XCBuildConfiguration;
			buildSettings = {
				ALWAYS_SEARCH_USER_PATHS = NO;
				CLANG_ANALYZER_NONNULL = YES;
				CLANG_ANALYZER_NUMBER_OBJECT_CONVERSION = YES_AGGRESSIVE;
				CLANG_CXX_LANGUAGE_STANDARD = "gnu++14";
				CLANG_CXX_LIBRARY = "libc++";
				CLANG_ENABLE_MODULES = YES;
				CLANG_ENABLE_OBJC_ARC = YES;
				CLANG_ENABLE_OBJC_WEAK = YES;
				CLANG_WARN_BLOCK_CAPTURE_AUTORELEASING = YES;
				CLANG_WARN_BOOL_CONVERSION = YES;
				CLANG_WARN_COMMA = YES;
				CLANG_WARN_CONSTANT_CONVERSION = YES;
				CLANG_WARN_DEPRECATED_OBJC_IMPLEMENTATIONS = YES;
				CLANG_WARN_DIRECT_OBJC_ISA_USAGE = YES_ERROR;
				CLANG_WARN_DOCUMENTATION_COMMENTS = YES;
				CLANG_WARN_EMPTY_BODY = YES;
				CLANG_WARN_ENUM_CONVERSION = YES;
				CLANG_WARN_INFINITE_RECURSION = YES;
				CLANG_WARN_INT_CONVERSION = YES;
				CLANG_WARN_NON_LITERAL_NULL_CONVERSION = YES;
				CLANG_WARN_OBJC_IMPLICIT_RETAIN_SELF = YES;
				CLANG_WARN_OBJC_LITERAL_CONVERSION = YES;
				CLANG_WARN_OBJC_ROOT_CLASS = YES_ERROR;
				CLANG_WARN_QUOTED_INCLUDE_IN_FRAMEWORK_HEADER = YES;
				CLANG_WARN_RANGE_LOOP_ANALYSIS = YES;
				CLANG_WARN_STRICT_PROTOTYPES = YES;
				CLANG_WARN_SUSPICIOUS_MOVE = YES;
				CLANG_WARN_UNGUARDED_AVAILABILITY = YES_AGGRESSIVE;
				CLANG_WARN_UNREACHABLE_CODE = YES;
				CLANG_WARN__DUPLICATE_METHOD_MATCH = YES;
				COPY_PHASE_STRIP = NO;
				DEBUG_INFORMATION_FORMAT = "dwarf-with-dsym";
				ENABLE_STRICT_OBJC_MSGSEND = YES;
				ENABLE_TESTABILITY = YES;
				GCC_C_LANGUAGE_STANDARD = gnu11;
				GCC_DYNAMIC_NO_PIC = NO;
				GCC_NO_COMMON_BLOCKS = YES;
				GCC_OPTIMIZATION_LEVEL = 0;
				GCC_PREPROCESSOR_DEFINITIONS = (
					"DEBUG=1",
					"$(inherited)",
				);
				GCC_WARN_64_TO_32_BIT_CONVERSION = YES;
				GCC_WARN_ABOUT_RETURN_TYPE = YES_ERROR;
				GCC_WARN_UNDECLARED_SELECTOR = YES;
				GCC_WARN_UNINITIALIZED_AUTOS = YES_AGGRESSIVE;
				GCC_WARN_UNUSED_FUNCTION = YES;
				GCC_WARN_UNUSED_VARIABLE = YES;
				IPHONEOS_DEPLOYMENT_TARGET = 15.0;
				MTL_ENABLE_DEBUG_INFO = INCLUDE_SOURCE;
				MTL_FAST_MATH = YES;
				ONLY_ACTIVE_ARCH = YES;
				SDKROOT = iphoneos;
				SWIFT_ACTIVE_COMPILATION_CONDITIONS = DEBUG;
				SWIFT_OPTIMIZATION_LEVEL = "-Onone";
			};
			name = Debug;
		};
		7555FFA4242A565B00829871 /* Release */ = {
			isa = XCBuildConfiguration;
			buildSettings = {
				ALWAYS_SEARCH_USER_PATHS = NO;
				CLANG_ANALYZER_NONNULL = YES;
				CLANG_ANALYZER_NUMBER_OBJECT_CONVERSION = YES_AGGRESSIVE;
				CLANG_CXX_LANGUAGE_STANDARD = "gnu++14";
				CLANG_CXX_LIBRARY = "libc++";
				CLANG_ENABLE_MODULES = YES;
				CLANG_ENABLE_OBJC_ARC = YES;
				CLANG_ENABLE_OBJC_WEAK = YES;
				CLANG_WARN_BLOCK_CAPTURE_AUTORELEASING = YES;
				CLANG_WARN_BOOL_CONVERSION = YES;
				CLANG_WARN_COMMA = YES;
				CLANG_WARN_CONSTANT_CONVERSION = YES;
				CLANG_WARN_DEPRECATED_OBJC_IMPLEMENTATIONS = YES;
				CLANG_WARN_DIRECT_OBJC_ISA_USAGE = YES_ERROR;
				CLANG_WARN_DOCUMENTATION_COMMENTS = YES;
				CLANG_WARN_EMPTY_BODY = YES;
				CLANG_WARN_ENUM_CONVERSION = YES;
				CLANG_WARN_INFINITE_RECURSION = YES;
				CLANG_WARN_INT_CONVERSION = YES;
				CLANG_WARN_NON_LITERAL_NULL_CONVERSION = YES;
				CLANG_WARN_OBJC_IMPLICIT_RETAIN_SELF = YES;
				CLANG_WARN_OBJC_LITERAL_CONVERSION = YES;
				CLANG_WARN_OBJC_ROOT_CLASS = YES_ERROR;
				CLANG_WARN_QUOTED_INCLUDE_IN_FRAMEWORK_HEADER = YES;
				CLANG_WARN_RANGE_LOOP_ANALYSIS = YES;
				CLANG_WARN_STRICT_PROTOTYPES = YES;
				CLANG_WARN_SUSPICIOUS_MOVE = YES;
				CLANG_WARN_UNGUARDED_AVAILABILITY = YES_AGGRESSIVE;
				CLANG_WARN_UNREACHABLE_CODE = YES;
				CLANG_WARN__DUPLICATE_METHOD_MATCH = YES;
				COPY_PHASE_STRIP = NO;
				DEBUG_INFORMATION_FORMAT = "dwarf-with-dsym";
				ENABLE_NS_ASSERTIONS = NO;
				ENABLE_STRICT_OBJC_MSGSEND = YES;
				GCC_C_LANGUAGE_STANDARD = gnu11;
				GCC_NO_COMMON_BLOCKS = YES;
				GCC_WARN_64_TO_32_BIT_CONVERSION = YES;
				GCC_WARN_ABOUT_RETURN_TYPE = YES_ERROR;
				GCC_WARN_UNDECLARED_SELECTOR = YES;
				GCC_WARN_UNINITIALIZED_AUTOS = YES_AGGRESSIVE;
				GCC_WARN_UNUSED_FUNCTION = YES;
				GCC_WARN_UNUSED_VARIABLE = YES;
				IPHONEOS_DEPLOYMENT_TARGET = 15.0;
				MTL_ENABLE_DEBUG_INFO = NO;
				MTL_FAST_MATH = YES;
				SDKROOT = iphoneos;
				SWIFT_COMPILATION_MODE = wholemodule;
				SWIFT_OPTIMIZATION_LEVEL = "-O";
				VALIDATE_PRODUCT = YES;
			};
			name = Release;
		};
		7555FFA6242A565B00829871 /* Debug */ = {
			isa = XCBuildConfiguration;
			baseConfigurationReference = A2BA4AC97F82982A4389A6D7 /* Pods-iosApp.debug.xcconfig */;
			buildSettings = {
				ARCHS = "$(ARCHS_STANDARD)";
				ASSETCATALOG_COMPILER_APPICON_NAME = AppIcon;
				CODE_SIGN_STYLE = Automatic;
				DEVELOPMENT_ASSET_PATHS = "\"iosApp/Preview Content\"";
				DEVELOPMENT_TEAM = 6TRJWLUZCF;
				ENABLE_PREVIEWS = YES;
				INFOPLIST_FILE = iosApp/Info.plist;
				LD_RUNPATH_SEARCH_PATHS = (
					"$(inherited)",
					"@executable_path/Frameworks",
				);
				OTHER_LDFLAGS = (
					"$(inherited)",
					"-ObjC",
					"-l\"c++\"",
					"-framework",
					"\"shared\"",
					"-lsqlite3",
				);
				PRODUCT_BUNDLE_IDENTIFIER = com.douglasqueiroz.mywallet;
				PRODUCT_NAME = "$(TARGET_NAME)";
				SWIFT_VERSION = 5.0;
				TARGETED_DEVICE_FAMILY = "1,2";
			};
			name = Debug;
		};
		7555FFA7242A565B00829871 /* Release */ = {
			isa = XCBuildConfiguration;
			baseConfigurationReference = 4ED5DEDD85132A1AABFC3E5A /* Pods-iosApp.release.xcconfig */;
			buildSettings = {
				ARCHS = "$(ARCHS_STANDARD)";
				ASSETCATALOG_COMPILER_APPICON_NAME = AppIcon;
				CODE_SIGN_STYLE = Automatic;
				DEVELOPMENT_ASSET_PATHS = "\"iosApp/Preview Content\"";
				DEVELOPMENT_TEAM = 6TRJWLUZCF;
				ENABLE_PREVIEWS = YES;
				INFOPLIST_FILE = iosApp/Info.plist;
				LD_RUNPATH_SEARCH_PATHS = (
					"$(inherited)",
					"@executable_path/Frameworks",
				);
				OTHER_LDFLAGS = (
					"$(inherited)",
					"-ObjC",
					"-l\"c++\"",
					"-framework",
					"\"shared\"",
					"-lsqlite3",
				);
				PRODUCT_BUNDLE_IDENTIFIER = com.douglasqueiroz.mywallet;
				PRODUCT_NAME = "$(TARGET_NAME)";
				SWIFT_VERSION = 5.0;
				TARGETED_DEVICE_FAMILY = "1,2";
			};
			name = Release;
		};
/* End XCBuildConfiguration section */

/* Begin XCConfigurationList section */
		7555FF76242A565900829871 /* Build configuration list for PBXProject "iosApp" */ = {
			isa = XCConfigurationList;
			buildConfigurations = (
				7555FFA3242A565B00829871 /* Debug */,
				7555FFA4242A565B00829871 /* Release */,
			);
			defaultConfigurationIsVisible = 0;
			defaultConfigurationName = Release;
		};
		7555FFA5242A565B00829871 /* Build configuration list for PBXNativeTarget "iosApp" */ = {
			isa = XCConfigurationList;
			buildConfigurations = (
				7555FFA6242A565B00829871 /* Debug */,
				7555FFA7242A565B00829871 /* Release */,
			);
			defaultConfigurationIsVisible = 0;
			defaultConfigurationName = Release;
		};
/* End XCConfigurationList section */
	};
	rootObject = 7555FF73242A565900829871 /* Project object */;
}
